# This file is automatically @generated by Cargo.
# It is not intended for manual editing.
version = 3

[[package]]
name = "agenter-control-plane"
version = "0.1.0"

[[package]]
name = "agenter-core"
version = "0.1.0"

[[package]]
name = "agenter-db"
version = "0.1.0"
dependencies = [
 "agenter-core",
]

[[package]]
name = "agenter-protocol"
version = "0.1.0"
dependencies = [
 "agenter-core",
]

[[package]]
name = "agenter-runner"
version = "0.1.0"
